github.com/disic/frago v0.0.0-20210907122902-a240a579ec8f/go.mod h1:P+FGLyK+Tit1HIeu1aDFxIwQCCrYTJflqCX0Xue/jXM=
github.com/disic/frago v0.0.0-20210920080935-0932804df192 h1:diTIU6xX2SqhXspw2dNoxIXO3r6Vq3tkThlzQZoBz2c=
github.com/disic/frago v0.0.0-20210920080935-0932804df192/go.mod h1:P+FGLyK+Tit1HIeu1aDFxIwQCCrYTJflqCX0Xue/jXM=
